
Microsoft Visual Studio Solution File, Format Version 12.00
# Visual Studio Version 17
VisualStudioVersion = 17.0.31919.166
MinimumVisualStudioVersion = 10.0.40219.1
Project("{FAE04EC0-301F-11D3-BF4B-00C04F79EFBC}") = "After", "After\After.csproj", "{AD99D1AF-7F62-4E1B-9128-A58CD0EAC07A}"
EndProject
Global
	GlobalSection(SolutionConfigurationPlatforms) = preSolution
		Debug|Any CPU = Debug|Any CPU
		Release|Any CPU = Release|Any CPU
	EndGlobalSection
	GlobalSection(ProjectConfigurationPlatforms) = postSolution
		{AD99D1AF-7F62-4E1B-9128-A58CD0EAC07A}.Debug|Any CPU.ActiveCfg = Debug|Any CPU
		{AD99D1AF-7F62-4E1B-9128-A58CD0EAC07A}.Debug|Any CPU.Build.0 = Debug|Any CPU
		{AD99D1AF-7F62-4E1B-9128-A58CD0EAC07A}.Release|Any CPU.ActiveCfg = Release|Any CPU
		{AD99D1AF-7F62-4E1B-9128-A58CD0EAC07A}.Release|Any CPU.Build.0 = Release|Any CPU
	EndGlobalSection
	GlobalSection(SolutionProperties) = preSolution
		HideSolutionNode = FALSE
	EndGlobalSection
	GlobalSection(ExtensibilityGlobals) = postSolution
		SolutionGuid = {2D63A508-A8FB-4DF5-85AF-A46119302C56}
	EndGlobalSection
EndGlobal
